
Microsoft Visual Studio Solution File, Format Version 12.00
# Visual Studio 15
VisualStudioVersion = 15.0.27703.2000
MinimumVisualStudioVersion = 10.0.40219.1
Project("{FAE04EC0-301F-11D3-BF4B-00C04F79EFBC}") = "amq.rabbitmq.reply-to.cs", "amq.rabbitmq.reply-to.cs.csproj", "{37D33A51-C191-400B-AE70-F81B15D4371E}"
EndProject
Project("{FAE04EC0-301F-11D3-BF4B-00C04F79EFBC}") = "Test", "..\Test\Test.csproj", "{C7333920-28CD-4640-A6C7-8F961DBEED8B}"
EndProject
Global
	GlobalSection(SolutionConfigurationPlatforms) = preSolution
		Debug|Any CPU = Debug|Any CPU
		Release|Any CPU = Release|Any CPU
	EndGlobalSection
	GlobalSection(ProjectConfigurationPlatforms) = postSolution
		{37D33A51-C191-400B-AE70-F81B15D4371E}.Debug|Any CPU.ActiveCfg = Debug|Any CPU
		{37D33A51-C191-400B-AE70-F81B15D4371E}.Debug|Any CPU.Build.0 = Debug|Any CPU
		{37D33A51-C191-400B-AE70-F81B15D4371E}.Release|Any CPU.ActiveCfg = Release|Any CPU
		{37D33A51-C191-400B-AE70-F81B15D4371E}.Release|Any CPU.Build.0 = Release|Any CPU
		{C7333920-28CD-4640-A6C7-8F961DBEED8B}.Debug|Any CPU.ActiveCfg = Debug|Any CPU
		{C7333920-28CD-4640-A6C7-8F961DBEED8B}.Debug|Any CPU.Build.0 = Debug|Any CPU
		{C7333920-28CD-4640-A6C7-8F961DBEED8B}.Release|Any CPU.ActiveCfg = Release|Any CPU
		{C7333920-28CD-4640-A6C7-8F961DBEED8B}.Release|Any CPU.Build.0 = Release|Any CPU
	EndGlobalSection
	GlobalSection(SolutionProperties) = preSolution
		HideSolutionNode = FALSE
	EndGlobalSection
	GlobalSection(ExtensibilityGlobals) = postSolution
		SolutionGuid = {0D543CE0-2336-472D-B3E4-F2CE21649CF6}
	EndGlobalSection
EndGlobal
